github.com/davecgh/go-spew v1.1.1 h1:vj9j/u1bqnvCEfJOwUhtlOARqs3+rkHYY13jYWTU97c=
github.com/davecgh/go-spew v1.1.1/go.mod h1:J7Y8YcW2NihsgmVo/mv3lAwl/skON4iLHjSsI+c5H38=
github.com/jroimartin/gocui v0.0.0-20170212145038-ed41d1bd2c21 h1:hLBJpBcCJMdab3EioWH1Lur+AEHX1LBlUHcfpxVUuJU=
github.com/jroimartin/gocui v0.0.0-20170212145038-ed41d1bd2c21/go.mod h1:7i7bbj99OgFHzo7kB2zPb8pXLqMBSQegY7azfqXMkyY=
github.com/mattn/go-runewidth v0.0.0-20170201023540-14207d285c6c h1:eFzthqtg3W6Pihj3DMTXLAF4f+ge5r5Ie5g6HLIZAF0=
github.com/mattn/go-runewidth v0.0.0-20170201023540-14207d285c6c/go.mod h1:LwmH8dsx7+W8Uxz3IHJYH5QSwggIsqBzpuz5H//U1FU=
github.com/nsf/termbox-go v0.0.0-20170211012700-3540b76b9c77 h1:gKl78uP/I7JZ56OFtRf7nc4m1icV38hwV0In5pEGzeA=
github.com/nsf/termbox-go v0.0.0-20170211012700-3540b76b9c77/go.mod h1:IuKpRQcYE1Tfu+oAQqaLisqDeXgjyyltCfsaoYN18NQ=
github.com/pmezard/go-difflib v1.0.0 h1:4DBwDE0NGyQoBHbLQYPwSUPoCMWR5BEzIk/f1lZbAQM=
github.com/pmezard/go-difflib v1.0.0/go.mod h1:iKH77koFhYxTK1pcRnkKkqfTogsbg7gZNVY4sRDYZ/4=
github.com/rs/cors v0.0.0-20170529160756-bf64c5349c0f h1:XQnRgDvz3XfY8aX6ydJmG8l5BEbLGL5OVs6QvP2zVC8=
github.com/rs/cors v0.0.0-20170529160756-bf64c5349c0f/go.mod h1:gFx+x8UowdsKA9AchylcLynDq+nNFfI8FkUZdN/jGCU=
github.com/spf13/pflag v0.0.0-20170901120850-7aff26db30c1 h1:TRYBd3V/2jfUifd2vqT9S1O6mTgEwmgxgfRpI5zx6FU=
github.com/spf13/pflag v0.0.0-20170901120850-7aff26db30c1/go.mod h1:DYY7MBk1bdzusC3SYhjObp+wFpr4gzcvqqNjLnInEg4=
github.com/stretchr/testify v0.0.0-20170130113145-4d4bfba8f1d1 h1:Zx8Rp9ozC4FPFxfEKRSUu8+Ay3sZxEUZ7JrCWMbGgvE=
github.com/stretchr/testify v0.0.0-20170130113145-4d4bfba8f1d1/go.mod h1:a8OnRcib4nhh0OaRAV+Yts87kKdq0PP7pXfy6kDkUVs=
